
Microsoft Visual Studio Solution File, Format Version 12.00
# Visual Studio 15
VisualStudioVersion = 15.0.28307.960
MinimumVisualStudioVersion = 10.0.40219.1
Project("{FAE04EC0-301F-11D3-BF4B-00C04F79EFBC}") = "TCPIP Server Form", "TCPIP Server Form\TCPIP Server Form.csproj", "{DB1D4430-8C8F-4BC8-8B88-9ACF81A659E3}"
EndProject
Project("{FAE04EC0-301F-11D3-BF4B-00C04F79EFBC}") = "TCPIP Client Form", "TCPIP Client Form\TCPIP Client Form.csproj", "{C6ED10E7-609B-4F35-B547-F00727EFE80C}"
EndProject
Global
	GlobalSection(SolutionConfigurationPlatforms) = preSolution
		Debug|Any CPU = Debug|Any CPU
		Release|Any CPU = Release|Any CPU
	EndGlobalSection
	GlobalSection(ProjectConfigurationPlatforms) = postSolution
		{DB1D4430-8C8F-4BC8-8B88-9ACF81A659E3}.Debug|Any CPU.ActiveCfg = Debug|Any CPU
		{DB1D4430-8C8F-4BC8-8B88-9ACF81A659E3}.Debug|Any CPU.Build.0 = Debug|Any CPU
		{DB1D4430-8C8F-4BC8-8B88-9ACF81A659E3}.Release|Any CPU.ActiveCfg = Release|Any CPU
		{DB1D4430-8C8F-4BC8-8B88-9ACF81A659E3}.Release|Any CPU.Build.0 = Release|Any CPU
		{C6ED10E7-609B-4F35-B547-F00727EFE80C}.Debug|Any CPU.ActiveCfg = Debug|Any CPU
		{C6ED10E7-609B-4F35-B547-F00727EFE80C}.Debug|Any CPU.Build.0 = Debug|Any CPU
		{C6ED10E7-609B-4F35-B547-F00727EFE80C}.Release|Any CPU.ActiveCfg = Release|Any CPU
		{C6ED10E7-609B-4F35-B547-F00727EFE80C}.Release|Any CPU.Build.0 = Release|Any CPU
	EndGlobalSection
	GlobalSection(SolutionProperties) = preSolution
		HideSolutionNode = FALSE
	EndGlobalSection
	GlobalSection(ExtensibilityGlobals) = postSolution
		SolutionGuid = {304AB7E9-8790-47F5-AF11-C1CACBC70447}
	EndGlobalSection
EndGlobal
